// !$*UTF8*$!
{
	archiveVersion = 1;
	classes = {
	};
	objectVersion = 48;
	objects = {

/* Begin PBXBuildFile section */
		7A016B6E20098E6600FFF504 /* AppDelegate.swift in Sources */ = {isa = PBXBuildFile; fileRef = 7A016B6D20098E6600FFF504 /* AppDelegate.swift */; };
		7A016B7020098E6600FFF504 /* GameScene.sks in Resources */ = {isa = PBXBuildFile; fileRef = 7A016B6F20098E6600FFF504 /* GameScene.sks */; };
		7A016B7220098E6600FFF504 /* Actions.sks in Resources */ = {isa = PBXBuildFile; fileRef = 7A016B7120098E6600FFF504 /* Actions.sks */; };
		7A016B7420098E6600FFF504 /* GameScene.swift in Sources */ = {isa = PBXBuildFile; fileRef = 7A016B7320098E6600FFF504 /* GameScene.swift */; };
		7A016B7620098E6600FFF504 /* GameViewController.swift in Sources */ = {isa = PBXBuildFile; fileRef = 7A016B7520098E6600FFF504 /* GameViewController.swift */; };
		7A016B7920098E6600FFF504 /* Main.storyboard in Resources */ = {isa = PBXBuildFile; fileRef = 7A016B7720098E6600FFF504 /* Main.storyboard */; };
		7A016B7B20098E6600FFF504 /* Assets.xcassets in Resources */ = {isa = PBXBuildFile; fileRef = 7A016B7A20098E6600FFF504 /* Assets.xcassets */; };
		7A016B7E20098E6600FFF504 /* LaunchScreen.storyboard in Resources */ = {isa = PBXBuildFile; fileRef = 7A016B7C20098E6600FFF504 /* LaunchScreen.storyboard */; };
		7A016B8920098E6600FFF504 /* SpaceShooterTests.swift in Sources */ = {isa = PBXBuildFile; fileRef = 7A016B8820098E6600FFF504 /* SpaceShooterTests.swift */; };
		7A016B9420098E6600FFF504 /* SpaceShooterUITests.swift in Sources */ = {isa = PBXBuildFile; fileRef = 7A016B9320098E6600FFF504 /* SpaceShooterUITests.swift */; };
		7A016BA22009928C00FFF504 /* GameElements.swift in Sources */ = {isa = PBXBuildFile; fileRef = 7A016BA12009928C00FFF504 /* GameElements.swift */; };
		7A016BA52009932800FFF504 /* CollisionBitMask.swift in Sources */ = {isa = PBXBuildFile; fileRef = 7A016BA42009932800FFF504 /* CollisionBitMask.swift */; };
		7A016BA72009948E00FFF504 /* GenericNode.swift in Sources */ = {isa = PBXBuildFile; fileRef = 7A016BA62009948E00FFF504 /* GenericNode.swift */; };
		7A016BA92009952D00FFF504 /* GameState.swift in Sources */ = {isa = PBXBuildFile; fileRef = 7A016BA82009952D00FFF504 /* GameState.swift */; };
		7A016BAC20099C4000FFF504 /* OpponentNode.swift in Sources */ = {isa = PBXBuildFile; fileRef = 7A016BAB20099C4000FFF504 /* OpponentNode.swift */; };
		7A016BAE20099F2A00FFF504 /* ProjectileNode.swift in Sources */ = {isa = PBXBuildFile; fileRef = 7A016BAD20099F2A00FFF504 /* ProjectileNode.swift */; };
		7A016BB1200E889D00FFF504 /* Int+Extension.swift in Sources */ = {isa = PBXBuildFile; fileRef = 7A016BB0200E889D00FFF504 /* Int+Extension.swift */; };
		7A016BB32012C63300FFF504 /* Player.swift in Sources */ = {isa = PBXBuildFile; fileRef = 7A016BB22012C63300FFF504 /* Player.swift */; };
/* End PBXBuildFile section */

/* Begin PBXContainerItemProxy section */
		7A016B8520098E6600FFF504 /* PBXContainerItemProxy */ = {
			isa = PBXContainerItemProxy;
			containerPortal = 7A016B6220098E6500FFF504 /* Project object */;
			proxyType = 1;
			remoteGlobalIDString = 7A016B6920098E6500FFF504;
			remoteInfo = SpaceShooter;
		};
		7A016B9020098E6600FFF504 /* PBXContainerItemProxy */ = {
			isa = PBXContainerItemProxy;
			containerPortal = 7A016B6220098E6500FFF504 /* Project object */;
			proxyType = 1;
			remoteGlobalIDString = 7A016B6920098E6500FFF504;
			remoteInfo = SpaceShooter;
		};
/* End PBXContainerItemProxy section */

/* Begin PBXFileReference section */
		7A016B6A20098E6600FFF504 /* SpaceShooter.app */ = {isa = PBXFileReference; explicitFileType = wrapper.application; includeInIndex = 0; path = SpaceShooter.app; sourceTree = BUILT_PRODUCTS_DIR; };
		7A016B6D20098E6600FFF504 /* AppDelegate.swift */ = {isa = PBXFileReference; lastKnownFileType = sourcecode.swift; path = AppDelegate.swift; sourceTree = "<group>"; };
		7A016B6F20098E6600FFF504 /* GameScene.sks */ = {isa = PBXFileReference; lastKnownFileType = file.sks; path = GameScene.sks; sourceTree = "<group>"; };
		7A016B7120098E6600FFF504 /* Actions.sks */ = {isa = PBXFileReference; lastKnownFileType = file.sks; path = Actions.sks; sourceTree = "<group>"; };
		7A016B7320098E6600FFF504 /* GameScene.swift */ = {isa = PBXFileReference; lastKnownFileType = sourcecode.swift; path = GameScene.swift; sourceTree = "<group>"; };
		7A016B7520098E6600FFF504 /* GameViewController.swift */ = {isa = PBXFileReference; lastKnownFileType = sourcecode.swift; path = GameViewController.swift; sourceTree = "<group>"; };
		7A016B7820098E6600FFF504 /* Base */ = {isa = PBXFileReference; lastKnownFileType = file.storyboard; name = Base; path = Base.lproj/Main.storyboard; sourceTree = "<group>"; };
		7A016B7A20098E6600FFF504 /* Assets.xcassets */ = {isa = PBXFileReference; lastKnownFileType = folder.assetcatalog; path = Assets.xcassets; sourceTree = "<group>"; };
		7A016B7D20098E6600FFF504 /* Base */ = {isa = PBXFileReference; lastKnownFileType = file.storyboard; name = Base; path = Base.lproj/LaunchScreen.storyboard; sourceTree = "<group>"; };
		7A016B7F20098E6600FFF504 /* Info.plist */ = {isa = PBXFileReference; lastKnownFileType = text.plist.xml; path = Info.plist; sourceTree = "<group>"; };
		7A016B8420098E6600FFF504 /* SpaceShooterTests.xctest */ = {isa = PBXFileReference; explicitFileType = wrapper.cfbundle; includeInIndex = 0; path = SpaceShooterTests.xctest; sourceTree = BUILT_PRODUCTS_DIR; };
		7A016B8820098E6600FFF504 /* SpaceShooterTests.swift */ = {isa = PBXFileReference; lastKnownFileType = sourcecode.swift; path = SpaceShooterTests.swift; sourceTree = "<group>"; };
		7A016B8A20098E6600FFF504 /* Info.plist */ = {isa = PBXFileReference; lastKnownFileType = text.plist.xml; path = Info.plist; sourceTree = "<group>"; };
		7A016B8F20098E6600FFF504 /* SpaceShooterUITests.xctest */ = {isa = PBXFileReference; explicitFileType = wrapper.cfbundle; includeInIndex = 0; path = SpaceShooterUITests.xctest; sourceTree = BUILT_PRODUCTS_DIR; };
		7A016B9320098E6600FFF504 /* SpaceShooterUITests.swift */ = {isa = PBXFileReference; lastKnownFileType = sourcecode.swift; path = SpaceShooterUITests.swift; sourceTree = "<group>"; };
		7A016B9520098E6600FFF504 /* Info.plist */ = {isa = PBXFileReference; lastKnownFileType = text.plist.xml; path = Info.plist; sourceTree = "<group>"; };
		7A016BA12009928C00FFF504 /* GameElements.swift */ = {isa = PBXFileReference; lastKnownFileType = sourcecode.swift; path = GameElements.swift; sourceTree = "<group>"; };
		7A016BA42009932800FFF504 /* CollisionBitMask.swift */ = {isa = PBXFileReference; lastKnownFileType = sourcecode.swift; path = CollisionBitMask.swift; sourceTree = "<group>"; };
		7A016BA62009948E00FFF504 /* GenericNode.swift */ = {isa = PBXFileReference; lastKnownFileType = sourcecode.swift; path = GenericNode.swift; sourceTree = "<group>"; };
		7A016BA82009952D00FFF504 /* GameState.swift */ = {isa = PBXFileReference; lastKnownFileType = sourcecode.swift; path = GameState.swift; sourceTree = "<group>"; };
		7A016BAB20099C4000FFF504 /* OpponentNode.swift */ = {isa = PBXFileReference; lastKnownFileType = sourcecode.swift; path = OpponentNode.swift; sourceTree = "<group>"; };
		7A016BAD20099F2A00FFF504 /* ProjectileNode.swift */ = {isa = PBXFileReference; lastKnownFileType = sourcecode.swift; path = ProjectileNode.swift; sourceTree = "<group>"; };
		7A016BB0200E889D00FFF504 /* Int+Extension.swift */ = {isa = PBXFileReference; lastKnownFileType = sourcecode.swift; path = "Int+Extension.swift"; sourceTree = "<group>"; };
		7A016BB22012C63300FFF504 /* Player.swift */ = {isa = PBXFileReference; lastKnownFileType = sourcecode.swift; path = Player.swift; sourceTree = "<group>"; };
/* End PBXFileReference section */

/* Begin PBXFrameworksBuildPhase section */
		7A016B6720098E6500FFF504 /* Frameworks */ = {
			isa = PBXFrameworksBuildPhase;
			buildActionMask = 2147483647;
			files = (
			);
			runOnlyForDeploymentPostprocessing = 0;
		};
		7A016B8120098E6600FFF504 /* Frameworks */ = {
			isa = PBXFrameworksBuildPhase;
			buildActionMask = 2147483647;
			files = (
			);
			runOnlyForDeploymentPostprocessing = 0;
		};
		7A016B8C20098E6600FFF504 /* Frameworks */ = {
			isa = PBXFrameworksBuildPhase;
			buildActionMask = 2147483647;
			files = (
			);
			runOnlyForDeploymentPostprocessing = 0;
		};
/* End PBXFrameworksBuildPhase section */

/* Begin PBXGroup section */
		7A016B6120098E6500FFF504 = {
			isa = PBXGroup;
			children = (
				7A016B6C20098E6600FFF504 /* SpaceShooter */,
				7A016B8720098E6600FFF504 /* SpaceShooterTests */,
				7A016B9220098E6600FFF504 /* SpaceShooterUITests */,
				7A016B6B20098E6600FFF504 /* Products */,
			);
			sourceTree = "<group>";
		};
		7A016B6B20098E6600FFF504 /* Products */ = {
			isa = PBXGroup;
			children = (
				7A016B6A20098E6600FFF504 /* SpaceShooter.app */,
				7A016B8420098E6600FFF504 /* SpaceShooterTests.xctest */,
				7A016B8F20098E6600FFF504 /* SpaceShooterUITests.xctest */,
			);
			name = Products;
			sourceTree = "<group>";
		};
		7A016B6C20098E6600FFF504 /* SpaceShooter */ = {
			isa = PBXGroup;
			children = (
				7A016BAF200E884300FFF504 /* Extensions */,
				7A016BAA20099BCD00FFF504 /* Models */,
				7A016BA32009931100FFF504 /* Engine */,
				7A016B6D20098E6600FFF504 /* AppDelegate.swift */,
				7A016B6F20098E6600FFF504 /* GameScene.sks */,
				7A016B7120098E6600FFF504 /* Actions.sks */,
				7A016B7320098E6600FFF504 /* GameScene.swift */,
				7A016B7520098E6600FFF504 /* GameViewController.swift */,
				7A016B7720098E6600FFF504 /* Main.storyboard */,
				7A016B7A20098E6600FFF504 /* Assets.xcassets */,
				7A016B7C20098E6600FFF504 /* LaunchScreen.storyboard */,
				7A016B7F20098E6600FFF504 /* Info.plist */,
				7A016BA12009928C00FFF504 /* GameElements.swift */,
				7A016BA82009952D00FFF504 /* GameState.swift */,
			);
			path = SpaceShooter;
			sourceTree = "<group>";
		};
		7A016B8720098E6600FFF504 /* SpaceShooterTests */ = {
			isa = PBXGroup;
			children = (
				7A016B8820098E6600FFF504 /* SpaceShooterTests.swift */,
				7A016B8A20098E6600FFF504 /* Info.plist */,
			);
			path = SpaceShooterTests;
			sourceTree = "<group>";
		};
		7A016B9220098E6600FFF504 /* SpaceShooterUITests */ = {
			isa = PBXGroup;
			children = (
				7A016B9320098E6600FFF504 /* SpaceShooterUITests.swift */,
				7A016B9520098E6600FFF504 /* Info.plist */,
			);
			path = SpaceShooterUITests;
			sourceTree = "<group>";
		};
		7A016BA32009931100FFF504 /* Engine */ = {
			isa = PBXGroup;
			children = (
				7A016BA42009932800FFF504 /* CollisionBitMask.swift */,
				7A016BA62009948E00FFF504 /* GenericNode.swift */,
			);
			path = Engine;
			sourceTree = "<group>";
		};
		7A016BAA20099BCD00FFF504 /* Models */ = {
			isa = PBXGroup;
			children = (
				7A016BAB20099C4000FFF504 /* OpponentNode.swift */,
				7A016BAD20099F2A00FFF504 /* ProjectileNode.swift */,
				7A016BB22012C63300FFF504 /* Player.swift */,
			);
			path = Models;
			sourceTree = "<group>";
		};
		7A016BAF200E884300FFF504 /* Extensions */ = {
			isa = PBXGroup;
			children = (
				7A016BB0200E889D00FFF504 /* Int+Extension.swift */,
			);
			path = Extensions;
			sourceTree = "<group>";
		};
/* End PBXGroup section */

/* Begin PBXNativeTarget section */
		7A016B6920098E6500FFF504 /* SpaceShooter */ = {
			isa = PBXNativeTarget;
			buildConfigurationList = 7A016B9820098E6600FFF504 /* Build configuration list for PBXNativeTarget "SpaceShooter" */;
			buildPhases = (
				7A016B6620098E6500FFF504 /* Sources */,
				7A016B6720098E6500FFF504 /* Frameworks */,
				7A016B6820098E6500FFF504 /* Resources */,
			);
			buildRules = (
			);
			dependencies = (
			);
			name = SpaceShooter;
			productName = SpaceShooter;
			productReference = 7A016B6A20098E6600FFF504 /* SpaceShooter.app */;
			productType = "com.apple.product-type.application";
		};
		7A016B8320098E6600FFF504 /* SpaceShooterTests */ = {
			isa = PBXNativeTarget;
			buildConfigurationList = 7A016B9B20098E6600FFF504 /* Build configuration list for PBXNativeTarget "SpaceShooterTests" */;
			buildPhases = (
				7A016B8020098E6600FFF504 /* Sources */,
				7A016B8120098E6600FFF504 /* Frameworks */,
				7A016B8220098E6600FFF504 /* Resources */,
			);
			buildRules = (
			);
			dependencies = (
				7A016B8620098E6600FFF504 /* PBXTargetDependency */,
			);
			name = SpaceShooterTests;
			productName = SpaceShooterTests;
			productReference = 7A016B8420098E6600FFF504 /* SpaceShooterTests.xctest */;
			productType = "com.apple.product-type.bundle.unit-test";
		};
		7A016B8E20098E6600FFF504 /* SpaceShooterUITests */ = {
			isa = PBXNativeTarget;
			buildConfigurationList = 7A016B9E20098E6600FFF504 /* Build configuration list for PBXNativeTarget "SpaceShooterUITests" */;
			buildPhases = (
				7A016B8B20098E6600FFF504 /* Sources */,
				7A016B8C20098E6600FFF504 /* Frameworks */,
				7A016B8D20098E6600FFF504 /* Resources */,
			);
			buildRules = (
			);
			dependencies = (
				7A016B9120098E6600FFF504 /* PBXTargetDependency */,
			);
			name = SpaceShooterUITests;
			productName = SpaceShooterUITests;
			productReference = 7A016B8F20098E6600FFF504 /* SpaceShooterUITests.xctest */;
			productType = "com.apple.product-type.bundle.ui-testing";
		};
/* End PBXNativeTarget section */

/* Begin PBXProject section */
		7A016B6220098E6500FFF504 /* Project object */ = {
			isa = PBXProject;
			attributes = {
				LastSwiftUpdateCheck = 0920;
				LastUpgradeCheck = 0920;
				ORGANIZATIONNAME = "Robert Ogiba";
				TargetAttributes = {
					7A016B6920098E6500FFF504 = {
						CreatedOnToolsVersion = 9.2;
						ProvisioningStyle = Automatic;
					};
					7A016B8320098E6600FFF504 = {
						CreatedOnToolsVersion = 9.2;
						ProvisioningStyle = Automatic;
						TestTargetID = 7A016B6920098E6500FFF504;
					};
					7A016B8E20098E6600FFF504 = {
						CreatedOnToolsVersion = 9.2;
						ProvisioningStyle = Automatic;
						TestTargetID = 7A016B6920098E6500FFF504;
					};
				};
			};
			buildConfigurationList = 7A016B6520098E6500FFF504 /* Build configuration list for PBXProject "SpaceShooter" */;
			compatibilityVersion = "Xcode 8.0";
			developmentRegion = en;
			hasScannedForEncodings = 0;
			knownRegions = (
				en,
				Base,
			);
			mainGroup = 7A016B6120098E6500FFF504;
			productRefGroup = 7A016B6B20098E6600FFF504 /* Products */;
			projectDirPath = "";
			projectRoot = "";
			targets = (
				7A016B6920098E6500FFF504 /* SpaceShooter */,
				7A016B8320098E6600FFF504 /* SpaceShooterTests */,
				7A016B8E20098E6600FFF504 /* SpaceShooterUITests */,
			);
		};
/* End PBXProject section */

/* Begin PBXResourcesBuildPhase section */
		7A016B6820098E6500FFF504 /* Resources */ = {
			isa = PBXResourcesBuildPhase;
			buildActionMask = 2147483647;
			files = (
				7A016B7920098E6600FFF504 /* Main.storyboard in Resources */,
				7A016B7020098E6600FFF504 /* GameScene.sks in Resources */,
				7A016B7B20098E6600FFF504 /* Assets.xcassets in Resources */,
				7A016B7E20098E6600FFF504 /* LaunchScreen.storyboard in Resources */,
				7A016B7220098E6600FFF504 /* Actions.sks in Resources */,
			);
			runOnlyForDeploymentPostprocessing = 0;
		};
		7A016B8220098E6600FFF504 /* Resources */ = {
			isa = PBXResourcesBuildPhase;
			buildActionMask = 2147483647;
			files = (
			);
			runOnlyForDeploymentPostprocessing = 0;
		};
		7A016B8D20098E6600FFF504 /* Resources */ = {
			isa = PBXResourcesBuildPhase;
			buildActionMask = 2147483647;
			files = (
			);
			runOnlyForDeploymentPostprocessing = 0;
		};
/* End PBXResourcesBuildPhase section */

/* Begin PBXSourcesBuildPhase section */
		7A016B6620098E6500FFF504 /* Sources */ = {
			isa = PBXSourcesBuildPhase;
			buildActionMask = 2147483647;
			files = (
				7A016BB32012C63300FFF504 /* Player.swift in Sources */,
				7A016BA92009952D00FFF504 /* GameState.swift in Sources */,
				7A016BA22009928C00FFF504 /* GameElements.swift in Sources */,
				7A016BAE20099F2A00FFF504 /* ProjectileNode.swift in Sources */,
				7A016BA72009948E00FFF504 /* GenericNode.swift in Sources */,
				7A016B7420098E6600FFF504 /* GameScene.swift in Sources */,
				7A016BB1200E889D00FFF504 /* Int+Extension.swift in Sources */,
				7A016B7620098E6600FFF504 /* GameViewController.swift in Sources */,
				7A016B6E20098E6600FFF504 /* AppDelegate.swift in Sources */,
				7A016BAC20099C4000FFF504 /* OpponentNode.swift in Sources */,
				7A016BA52009932800FFF504 /* CollisionBitMask.swift in Sources */,
			);
			runOnlyForDeploymentPostprocessing = 0;
		};
		7A016B8020098E6600FFF504 /* Sources */ = {
			isa = PBXSourcesBuildPhase;
			buildActionMask = 2147483647;
			files = (
				7A016B8920098E6600FFF504 /* SpaceShooterTests.swift in Sources */,
			);
			runOnlyForDeploymentPostprocessing = 0;
		};
		7A016B8B20098E6600FFF504 /* Sources */ = {
			isa = PBXSourcesBuildPhase;
			buildActionMask = 2147483647;
			files = (
				7A016B9420098E6600FFF504 /* SpaceShooterUITests.swift in Sources */,
			);
			runOnlyForDeploymentPostprocessing = 0;
		};
/* End PBXSourcesBuildPhase section */

/* Begin PBXTargetDependency section */
		7A016B8620098E6600FFF504 /* PBXTargetDependency */ = {
			isa = PBXTargetDependency;
			target = 7A016B6920098E6500FFF504 /* SpaceShooter */;
			targetProxy = 7A016B8520098E6600FFF504 /* PBXContainerItemProxy */;
		};
		7A016B9120098E6600FFF504 /* PBXTargetDependency */ = {
			isa = PBXTargetDependency;
			target = 7A016B6920098E6500FFF504 /* SpaceShooter */;
			targetProxy = 7A016B9020098E6600FFF504 /* PBXContainerItemProxy */;
		};
/* End PBXTargetDependency section */

/* Begin PBXVariantGroup section */
		7A016B7720098E6600FFF504 /* Main.storyboard */ = {
			isa = PBXVariantGroup;
			children = (
				7A016B7820098E6600FFF504 /* Base */,
			);
			name = Main.storyboard;
			sourceTree = "<group>";
		};
		7A016B7C20098E6600FFF504 /* LaunchScreen.storyboard */ = {
			isa = PBXVariantGroup;
			children = (
				7A016B7D20098E6600FFF504 /* Base */,
			);
			name = LaunchScreen.storyboard;
			sourceTree = "<group>";
		};
/* End PBXVariantGroup section */

/* Begin XCBuildConfiguration section */
		7A016B9620098E6600FFF504 /* Debug */ = {
			isa = XCBuildConfiguration;
			buildSettings = {
				ALWAYS_SEARCH_USER_PATHS = NO;
				CLANG_ANALYZER_NONNULL = YES;
				CLANG_ANALYZER_NUMBER_OBJECT_CONVERSION = YES_AGGRESSIVE;
				CLANG_CXX_LANGUAGE_STANDARD = "gnu++14";
				CLANG_CXX_LIBRARY = "libc++";
				CLANG_ENABLE_MODULES = YES;
				CLANG_ENABLE_OBJC_ARC = YES;
				CLANG_WARN_BLOCK_CAPTURE_AUTORELEASING = YES;
				CLANG_WARN_BOOL_CONVERSION = YES;
				CLANG_WARN_COMMA = YES;
				CLANG_WARN_CONSTANT_CONVERSION = YES;
				CLANG_WARN_DIRECT_OBJC_ISA_USAGE = YES_ERROR;
				CLANG_WARN_DOCUMENTATION_COMMENTS = YES;
				CLANG_WARN_EMPTY_BODY = YES;
				CLANG_WARN_ENUM_CONVERSION = YES;
				CLANG_WARN_INFINITE_RECURSION = YES;
				CLANG_WARN_INT_CONVERSION = YES;
				CLANG_WARN_NON_LITERAL_NULL_CONVERSION = YES;
				CLANG_WARN_OBJC_LITERAL_CONVERSION = YES;
				CLANG_WARN_OBJC_ROOT_CLASS = YES_ERROR;
				CLANG_WARN_RANGE_LOOP_ANALYSIS = YES;
				CLANG_WARN_STRICT_PROTOTYPES = YES;
				CLANG_WARN_SUSPICIOUS_MOVE = YES;
				CLANG_WARN_UNGUARDED_AVAILABILITY = YES_AGGRESSIVE;
				CLANG_WARN_UNREACHABLE_CODE = YES;
				CLANG_WARN__DUPLICATE_METHOD_MATCH = YES;
				CODE_SIGN_IDENTITY = "iPhone Developer";
				COPY_PHASE_STRIP = NO;
				DEBUG_INFORMATION_FORMAT = dwarf;
				ENABLE_STRICT_OBJC_MSGSEND = YES;
				ENABLE_TESTABILITY = YES;
				GCC_C_LANGUAGE_STANDARD = gnu11;
				GCC_DYNAMIC_NO_PIC = NO;
				GCC_NO_COMMON_BLOCKS = YES;
				GCC_OPTIMIZATION_LEVEL = 0;
				GCC_PREPROCESSOR_DEFINITIONS = (
					"DEBUG=1",
					"$(inherited)",
				);
				GCC_WARN_64_TO_32_BIT_CONVERSION = YES;
				GCC_WARN_ABOUT_RETURN_TYPE = YES_ERROR;
				GCC_WARN_UNDECLARED_SELECTOR = YES;
				GCC_WARN_UNINITIALIZED_AUTOS = YES_AGGRESSIVE;
				GCC_WARN_UNUSED_FUNCTION = YES;
				GCC_WARN_UNUSED_VARIABLE = YES;
				IPHONEOS_DEPLOYMENT_TARGET = 11.2;
				MTL_ENABLE_DEBUG_INFO = YES;
				ONLY_ACTIVE_ARCH = YES;
				SDKROOT = iphoneos;
				SWIFT_ACTIVE_COMPILATION_CONDITIONS = DEBUG;
				SWIFT_OPTIMIZATION_LEVEL = "-Onone";
			};
			name = Debug;
		};
		7A016B9720098E6600FFF504 /* Release */ = {
			isa = XCBuildConfiguration;
			buildSettings = {
				ALWAYS_SEARCH_USER_PATHS = NO;
				CLANG_ANALYZER_NONNULL = YES;
				CLANG_ANALYZER_NUMBER_OBJECT_CONVERSION = YES_AGGRESSIVE;
				CLANG_CXX_LANGUAGE_STANDARD = "gnu++14";
				CLANG_CXX_LIBRARY = "libc++";
				CLANG_ENABLE_MODULES = YES;
				CLANG_ENABLE_OBJC_ARC = YES;
				CLANG_WARN_BLOCK_CAPTURE_AUTORELEASING = YES;
				CLANG_WARN_BOOL_CONVERSION = YES;
				CLANG_WARN_COMMA = YES;
				CLANG_WARN_CONSTANT_CONVERSION = YES;
				CLANG_WARN_DIRECT_OBJC_ISA_USAGE = YES_ERROR;
				CLANG_WARN_DOCUMENTATION_COMMENTS = YES;
				CLANG_WARN_EMPTY_BODY = YES;
				CLANG_WARN_ENUM_CONVERSION = YES;
				CLANG_WARN_INFINITE_RECURSION = YES;
				CLANG_WARN_INT_CONVERSION = YES;
				CLANG_WARN_NON_LITERAL_NULL_CONVERSION = YES;
				CLANG_WARN_OBJC_LITERAL_CONVERSION = YES;
				CLANG_WARN_OBJC_ROOT_CLASS = YES_ERROR;
				CLANG_WARN_RANGE_LOOP_ANALYSIS = YES;
				CLANG_WARN_STRICT_PROTOTYPES = YES;
				CLANG_WARN_SUSPICIOUS_MOVE = YES;
				CLANG_WARN_UNGUARDED_AVAILABILITY = YES_AGGRESSIVE;
				CLANG_WARN_UNREACHABLE_CODE = YES;
				CLANG_WARN__DUPLICATE_METHOD_MATCH = YES;
				CODE_SIGN_IDENTITY = "iPhone Developer";
				COPY_PHASE_STRIP = NO;
				DEBUG_INFORMATION_FORMAT = "dwarf-with-dsym";
				ENABLE_NS_ASSERTIONS = NO;
				ENABLE_STRICT_OBJC_MSGSEND = YES;
				GCC_C_LANGUAGE_STANDARD = gnu11;
				GCC_NO_COMMON_BLOCKS = YES;
				GCC_WARN_64_TO_32_BIT_CONVERSION = YES;
				GCC_WARN_ABOUT_RETURN_TYPE = YES_ERROR;
				GCC_WARN_UNDECLARED_SELECTOR = YES;
				GCC_WARN_UNINITIALIZED_AUTOS = YES_AGGRESSIVE;
				GCC_WARN_UNUSED_FUNCTION = YES;
				GCC_WARN_UNUSED_VARIABLE = YES;
				IPHONEOS_DEPLOYMENT_TARGET = 11.2;
				MTL_ENABLE_DEBUG_INFO = NO;
				SDKROOT = iphoneos;
				SWIFT_OPTIMIZATION_LEVEL = "-Owholemodule";
				VALIDATE_PRODUCT = YES;
			};
			name = Release;
		};
		7A016B9920098E6600FFF504 /* Debug */ = {
			isa = XCBuildConfiguration;
			buildSettings = {
				ASSETCATALOG_COMPILER_APPICON_NAME = AppIcon;
				CODE_SIGN_STYLE = Automatic;
				INFOPLIST_FILE = SpaceShooter/Info.plist;
				IPHONEOS_DEPLOYMENT_TARGET = 10.0;
				LD_RUNPATH_SEARCH_PATHS = "$(inherited) @executable_path/Frameworks";
				PRODUCT_BUNDLE_IDENTIFIER = pl.ogiba.SpaceShooter;
				PRODUCT_NAME = "$(TARGET_NAME)";
				SWIFT_VERSION = 4.0;
				TARGETED_DEVICE_FAMILY = "1,2";
			};
			name = Debug;
		};
		7A016B9A20098E6600FFF504 /* Release */ = {
			isa = XCBuildConfiguration;
			buildSettings = {
				ASSETCATALOG_COMPILER_APPICON_NAME = AppIcon;
				CODE_SIGN_STYLE = Automatic;
				INFOPLIST_FILE = SpaceShooter/Info.plist;
				IPHONEOS_DEPLOYMENT_TARGET = 10.0;
				LD_RUNPATH_SEARCH_PATHS = "$(inherited) @executable_path/Frameworks";
				PRODUCT_BUNDLE_IDENTIFIER = pl.ogiba.SpaceShooter;
				PRODUCT_NAME = "$(TARGET_NAME)";
				SWIFT_VERSION = 4.0;
				TARGETED_DEVICE_FAMILY = "1,2";
			};
			name = Release;
		};
		7A016B9C20098E6600FFF504 /* Debug */ = {
			isa = XCBuildConfiguration;
			buildSettings = {
				ALWAYS_EMBED_SWIFT_STANDARD_LIBRARIES = YES;
				BUNDLE_LOADER = "$(TEST_HOST)";
				CODE_SIGN_STYLE = Automatic;
				INFOPLIST_FILE = SpaceShooterTests/Info.plist;
				LD_RUNPATH_SEARCH_PATHS = "$(inherited) @executable_path/Frameworks @loader_path/Frameworks";
				PRODUCT_BUNDLE_IDENTIFIER = pl.ogiba.SpaceShooterTests;
				PRODUCT_NAME = "$(TARGET_NAME)";
				SWIFT_VERSION = 4.0;
				TARGETED_DEVICE_FAMILY = "1,2";
				TEST_HOST = "$(BUILT_PRODUCTS_DIR)/SpaceShooter.app/SpaceShooter";
			};
			name = Debug;
		};
		7A016B9D20098E6600FFF504 /* Release */ = {
			isa = XCBuildConfiguration;
			buildSettings = {
				ALWAYS_EMBED_SWIFT_STANDARD_LIBRARIES = YES;
				BUNDLE_LOADER = "$(TEST_HOST)";
				CODE_SIGN_STYLE = Automatic;
				INFOPLIST_FILE = SpaceShooterTests/Info.plist;
				LD_RUNPATH_SEARCH_PATHS = "$(inherited) @executable_path/Frameworks @loader_path/Frameworks";
				PRODUCT_BUNDLE_IDENTIFIER = pl.ogiba.SpaceShooterTests;
				PRODUCT_NAME = "$(TARGET_NAME)";
				SWIFT_VERSION = 4.0;
				TARGETED_DEVICE_FAMILY = "1,2";
				TEST_HOST = "$(BUILT_PRODUCTS_DIR)/SpaceShooter.app/SpaceShooter";
			};
			name = Release;
		};
		7A016B9F20098E6600FFF504 /* Debug */ = {
			isa = XCBuildConfiguration;
			buildSettings = {
				ALWAYS_EMBED_SWIFT_STANDARD_LIBRARIES = YES;
				CODE_SIGN_STYLE = Automatic;
				INFOPLIST_FILE = SpaceShooterUITests/Info.plist;
				LD_RUNPATH_SEARCH_PATHS = "$(inherited) @executable_path/Frameworks @loader_path/Frameworks";
				PRODUCT_BUNDLE_IDENTIFIER = pl.ogiba.SpaceShooterUITests;
				PRODUCT_NAME = "$(TARGET_NAME)";
				SWIFT_VERSION = 4.0;
				TARGETED_DEVICE_FAMILY = "1,2";
				TEST_TARGET_NAME = SpaceShooter;
			};
			name = Debug;
		};
		7A016BA020098E6600FFF504 /* Release */ = {
			isa = XCBuildConfiguration;
			buildSettings = {
				ALWAYS_EMBED_SWIFT_STANDARD_LIBRARIES = YES;
				CODE_SIGN_STYLE = Automatic;
				INFOPLIST_FILE = SpaceShooterUITests/Info.plist;
				LD_RUNPATH_SEARCH_PATHS = "$(inherited) @executable_path/Frameworks @loader_path/Frameworks";
				PRODUCT_BUNDLE_IDENTIFIER = pl.ogiba.SpaceShooterUITests;
				PRODUCT_NAME = "$(TARGET_NAME)";
				SWIFT_VERSION = 4.0;
				TARGETED_DEVICE_FAMILY = "1,2";
				TEST_TARGET_NAME = SpaceShooter;
			};
			name = Release;
		};
/* End XCBuildConfiguration section */

/* Begin XCConfigurationList section */
		7A016B6520098E6500FFF504 /* Build configuration list for PBXProject "SpaceShooter" */ = {
			isa = XCConfigurationList;
			buildConfigurations = (
				7A016B9620098E6600FFF504 /* Debug */,
				7A016B9720098E6600FFF504 /* Release */,
			);
			defaultConfigurationIsVisible = 0;
			defaultConfigurationName = Release;
		};
		7A016B9820098E6600FFF504 /* Build configuration list for PBXNativeTarget "SpaceShooter" */ = {
			isa = XCConfigurationList;
			buildConfigurations = (
				7A016B9920098E6600FFF504 /* Debug */,
				7A016B9A20098E6600FFF504 /* Release */,
			);
			defaultConfigurationIsVisible = 0;
			defaultConfigurationName = Release;
		};
		7A016B9B20098E6600FFF504 /* Build configuration list for PBXNativeTarget "SpaceShooterTests" */ = {
			isa = XCConfigurationList;
			buildConfigurations = (
				7A016B9C20098E6600FFF504 /* Debug */,
				7A016B9D20098E6600FFF504 /* Release */,
			);
			defaultConfigurationIsVisible = 0;
			defaultConfigurationName = Release;
		};
		7A016B9E20098E6600FFF504 /* Build configuration list for PBXNativeTarget "SpaceShooterUITests" */ = {
			isa = XCConfigurationList;
			buildConfigurations = (
				7A016B9F20098E6600FFF504 /* Debug */,
				7A016BA020098E6600FFF504 /* Release */,
			);
			defaultConfigurationIsVisible = 0;
			defaultConfigurationName = Release;
		};
/* End XCConfigurationList section */
	};
	rootObject = 7A016B6220098E6500FFF504 /* Project object */;
}
